
Microsoft Visual Studio Solution File, Format Version 12.00
# Visual Studio Version 17
VisualStudioVersion = 17.2.32616.157
MinimumVisualStudioVersion = 10.0.40219.1
Project("{FAE04EC0-301F-11D3-BF4B-00C04F79EFBC}") = "ASCIIArt", "ASCIIArt.csproj", "{070FFDCB-DF81-4589-90A0-877142C1742E}"
EndProject
Global
	GlobalSection(SolutionConfigurationPlatforms) = preSolution
		Debug|Any CPU = Debug|Any CPU
		Release|Any CPU = Release|Any CPU
	EndGlobalSection
	GlobalSection(ProjectConfigurationPlatforms) = postSolution
		{070FFDCB-DF81-4589-90A0-877142C1742E}.Debug|Any CPU.ActiveCfg = Debug|Any CPU
		{070FFDCB-DF81-4589-90A0-877142C1742E}.Debug|Any CPU.Build.0 = Debug|Any CPU
		{070FFDCB-DF81-4589-90A0-877142C1742E}.Release|Any CPU.ActiveCfg = Release|Any CPU
		{070FFDCB-DF81-4589-90A0-877142C1742E}.Release|Any CPU.Build.0 = Release|Any CPU
	EndGlobalSection
	GlobalSection(SolutionProperties) = preSolution
		HideSolutionNode = FALSE
	EndGlobalSection
	GlobalSection(ExtensibilityGlobals) = postSolution
		SolutionGuid = {7170D2D9-D153-4440-AA8F-D9DFBDCFB65A}
	EndGlobalSection
EndGlobal
